
Microsoft Visual Studio Solution File, Format Version 12.00
# Visual Studio 15
VisualStudioVersion = 15.0.28307.271
MinimumVisualStudioVersion = 10.0.40219.1
Project("{FAE04EC0-301F-11D3-BF4B-00C04F79EFBC}") = "PersistentModel", "PersistentModel\PersistentModel.csproj", "{594A962D-8B51-47F1-BA1E-8AC1E7051D6E}"
EndProject
Global
	GlobalSection(SolutionConfigurationPlatforms) = preSolution
		Debug|Any CPU = Debug|Any CPU
		Release|Any CPU = Release|Any CPU
	EndGlobalSection
	GlobalSection(ProjectConfigurationPlatforms) = postSolution
		{594A962D-8B51-47F1-BA1E-8AC1E7051D6E}.Debug|Any CPU.ActiveCfg = Debug|Any CPU
		{594A962D-8B51-47F1-BA1E-8AC1E7051D6E}.Debug|Any CPU.Build.0 = Debug|Any CPU
		{594A962D-8B51-47F1-BA1E-8AC1E7051D6E}.Release|Any CPU.ActiveCfg = Release|Any CPU
		{594A962D-8B51-47F1-BA1E-8AC1E7051D6E}.Release|Any CPU.Build.0 = Release|Any CPU
	EndGlobalSection
	GlobalSection(SolutionProperties) = preSolution
		HideSolutionNode = FALSE
	EndGlobalSection
	GlobalSection(ExtensibilityGlobals) = postSolution
		SolutionGuid = {F22BA119-989B-4ABA-8D10-0921FF0A044C}
	EndGlobalSection
EndGlobal
